
Microsoft Visual Studio Solution File, Format Version 12.00
# Visual Studio Version 17
VisualStudioVersion = 17.0.31903.59
MinimumVisualStudioVersion = 10.0.40219.1
Project("{2150E333-8FDC-42A3-9474-1A3956D46DE8}") = "src", "src", "{827E0CD3-B72D-47B6-A68D-7590B98EB39B}"
EndProject
Project("{FAE04EC0-301F-11D3-BF4B-00C04F79EFBC}") = "Jane.Core", "src\Jane.Core\Jane.Core.csproj", "{E726DB83-3010-4651-AF64-1CF0A92474B8}"
EndProject
Project("{FAE04EC0-301F-11D3-BF4B-00C04F79EFBC}") = "Jane.Speech", "src\Jane.Speech\Jane.Speech.csproj", "{BADDDE78-05BF-4B7A-90D1-F64BD50F6639}"
EndProject
Project("{FAE04EC0-301F-11D3-BF4B-00C04F79EFBC}") = "Jane.Llm", "src\Jane.Llm\Jane.Llm.csproj", "{0F45EDF5-709B-4F67-B4B9-98146142B399}"
EndProject
Project("{FAE04EC0-301F-11D3-BF4B-00C04F79EFBC}") = "Jane.Windows", "src\Jane.Windows\Jane.Windows.csproj", "{A05FC525-C145-45B2-9E0D-D07C511B6248}"
EndProject
Project("{FAE04EC0-301F-11D3-BF4B-00C04F79EFBC}") = "Jane.Bench", "src\Jane.Bench\Jane.Bench.csproj", "{5893F417-B1DD-41FE-A646-1C29DB49FA43}"
EndProject
Project("{FAE04EC0-301F-11D3-BF4B-00C04F79EFBC}") = "Jane.App", "src\Jane.App\Jane.App.csproj", "{7E126900-716A-464F-81AC-44CC0D42FE5B}"
EndProject
Project("{2150E333-8FDC-42A3-9474-1A3956D46DE8}") = "tests", "tests", "{0AB3BF05-4346-4AA6-1389-037BE0695223}"
EndProject
Project("{FAE04EC0-301F-11D3-BF4B-00C04F79EFBC}") = "Jane.Core.Tests", "tests\Jane.Core.Tests\Jane.Core.Tests.csproj", "{7FE5DD01-0CA6-41D7-B68F-CFD2EC5ABA15}"
EndProject
Project("{FAE04EC0-301F-11D3-BF4B-00C04F79EFBC}") = "Jane.Speech.Tests", "tests\Jane.Speech.Tests\Jane.Speech.Tests.csproj", "{E6AFF52A-B4F8-4AF4-BD4D-83D78456CF5D}"
EndProject
Project("{FAE04EC0-301F-11D3-BF4B-00C04F79EFBC}") = "Jane.Llm.Tests", "tests\Jane.Llm.Tests\Jane.Llm.Tests.csproj", "{302D3272-70A4-4DB2-87CE-3F5A5A167BF4}"
EndProject
Project("{FAE04EC0-301F-11D3-BF4B-00C04F79EFBC}") = "Jane.Windows.Tests", "tests\Jane.Windows.Tests\Jane.Windows.Tests.csproj", "{6158B54A-209E-48BE-ADD3-AB80F952509A}"
EndProject
Project("{FAE04EC0-301F-11D3-BF4B-00C04F79EFBC}") = "Jane.App.Tests", "tests\Jane.App.Tests\Jane.App.Tests.csproj", "{D8A0D7C7-C06C-41E0-B787-4CDAB80A8772}"
EndProject
Project("{FAE04EC0-301F-11D3-BF4B-00C04F79EFBC}") = "Jane.Eval", "tests\Jane.Eval\Jane.Eval.csproj", "{47D89C42-9CFF-408F-BAB8-786F0C7C642F}"
EndProject
Global
	GlobalSection(SolutionConfigurationPlatforms) = preSolution
		Debug|Any CPU = Debug|Any CPU
		Debug|x64 = Debug|x64
		Debug|x86 = Debug|x86
		Release|Any CPU = Release|Any CPU
		Release|x64 = Release|x64
		Release|x86 = Release|x86
	EndGlobalSection
	GlobalSection(ProjectConfigurationPlatforms) = postSolution
		{E726DB83-3010-4651-AF64-1CF0A92474B8}.Debug|Any CPU.ActiveCfg = Debug|x64
		{E726DB83-3010-4651-AF64-1CF0A92474B8}.Debug|Any CPU.Build.0 = Debug|x64
		{E726DB83-3010-4651-AF64-1CF0A92474B8}.Debug|x64.ActiveCfg = Debug|x64
		{E726DB83-3010-4651-AF64-1CF0A92474B8}.Debug|x64.Build.0 = Debug|x64
		{E726DB83-3010-4651-AF64-1CF0A92474B8}.Debug|x86.ActiveCfg = Debug|x64
		{E726DB83-3010-4651-AF64-1CF0A92474B8}.Debug|x86.Build.0 = Debug|x64
		{E726DB83-3010-4651-AF64-1CF0A92474B8}.Release|Any CPU.ActiveCfg = Release|x64
		{E726DB83-3010-4651-AF64-1CF0A92474B8}.Release|Any CPU.Build.0 = Release|x64
		{E726DB83-3010-4651-AF64-1CF0A92474B8}.Release|x64.ActiveCfg = Release|x64
		{E726DB83-3010-4651-AF64-1CF0A92474B8}.Release|x64.Build.0 = Release|x64
		{E726DB83-3010-4651-AF64-1CF0A92474B8}.Release|x86.ActiveCfg = Release|x64
		{E726DB83-3010-4651-AF64-1CF0A92474B8}.Release|x86.Build.0 = Release|x64
		{BADDDE78-05BF-4B7A-90D1-F64BD50F6639}.Debug|Any CPU.ActiveCfg = Debug|x64
		{BADDDE78-05BF-4B7A-90D1-F64BD50F6639}.Debug|Any CPU.Build.0 = Debug|x64
		{BADDDE78-05BF-4B7A-90D1-F64BD50F6639}.Debug|x64.ActiveCfg = Debug|x64
		{BADDDE78-05BF-4B7A-90D1-F64BD50F6639}.Debug|x64.Build.0 = Debug|x64
		{BADDDE78-05BF-4B7A-90D1-F64BD50F6639}.Debug|x86.ActiveCfg = Debug|x64
		{BADDDE78-05BF-4B7A-90D1-F64BD50F6639}.Debug|x86.Build.0 = Debug|x64
		{BADDDE78-05BF-4B7A-90D1-F64BD50F6639}.Release|Any CPU.ActiveCfg = Release|x64
		{BADDDE78-05BF-4B7A-90D1-F64BD50F6639}.Release|Any CPU.Build.0 = Release|x64
		{BADDDE78-05BF-4B7A-90D1-F64BD50F6639}.Release|x64.ActiveCfg = Release|x64
		{BADDDE78-05BF-4B7A-90D1-F64BD50F6639}.Release|x64.Build.0 = Release|x64
		{BADDDE78-05BF-4B7A-90D1-F64BD50F6639}.Release|x86.ActiveCfg = Release|x64
		{BADDDE78-05BF-4B7A-90D1-F64BD50F6639}.Release|x86.Build.0 = Release|x64
		{0F45EDF5-709B-4F67-B4B9-98146142B399}.Debug|Any CPU.ActiveCfg = Debug|x64
		{0F45EDF5-709B-4F67-B4B9-98146142B399}.Debug|Any CPU.Build.0 = Debug|x64
		{0F45EDF5-709B-4F67-B4B9-98146142B399}.Debug|x64.ActiveCfg = Debug|x64
		{0F45EDF5-709B-4F67-B4B9-98146142B399}.Debug|x64.Build.0 = Debug|x64
		{0F45EDF5-709B-4F67-B4B9-98146142B399}.Debug|x86.ActiveCfg = Debug|x64
		{0F45EDF5-709B-4F67-B4B9-98146142B399}.Debug|x86.Build.0 = Debug|x64
		{0F45EDF5-709B-4F67-B4B9-98146142B399}.Release|Any CPU.ActiveCfg = Release|x64
		{0F45EDF5-709B-4F67-B4B9-98146142B399}.Release|Any CPU.Build.0 = Release|x64
		{0F45EDF5-709B-4F67-B4B9-98146142B399}.Release|x64.ActiveCfg = Release|x64
		{0F45EDF5-709B-4F67-B4B9-98146142B399}.Release|x64.Build.0 = Release|x64
		{0F45EDF5-709B-4F67-B4B9-98146142B399}.Release|x86.ActiveCfg = Release|x64
		{0F45EDF5-709B-4F67-B4B9-98146142B399}.Release|x86.Build.0 = Release|x64
		{A05FC525-C145-45B2-9E0D-D07C511B6248}.Debug|Any CPU.ActiveCfg = Debug|x64
		{A05FC525-C145-45B2-9E0D-D07C511B6248}.Debug|Any CPU.Build.0 = Debug|x64
		{A05FC525-C145-45B2-9E0D-D07C511B6248}.Debug|x64.ActiveCfg = Debug|x64
		{A05FC525-C145-45B2-9E0D-D07C511B6248}.Debug|x64.Build.0 = Debug|x64
		{A05FC525-C145-45B2-9E0D-D07C511B6248}.Debug|x86.ActiveCfg = Debug|x64
		{A05FC525-C145-45B2-9E0D-D07C511B6248}.Debug|x86.Build.0 = Debug|x64
		{A05FC525-C145-45B2-9E0D-D07C511B6248}.Release|Any CPU.ActiveCfg = Release|x64
		{A05FC525-C145-45B2-9E0D-D07C511B6248}.Release|Any CPU.Build.0 = Release|x64
		{A05FC525-C145-45B2-9E0D-D07C511B6248}.Release|x64.ActiveCfg = Release|x64
		{A05FC525-C145-45B2-9E0D-D07C511B6248}.Release|x64.Build.0 = Release|x64
		{A05FC525-C145-45B2-9E0D-D07C511B6248}.Release|x86.ActiveCfg = Release|x64
		{A05FC525-C145-45B2-9E0D-D07C511B6248}.Release|x86.Build.0 = Release|x64
		{5893F417-B1DD-41FE-A646-1C29DB49FA43}.Debug|Any CPU.ActiveCfg = Debug|x64
		{5893F417-B1DD-41FE-A646-1C29DB49FA43}.Debug|Any CPU.Build.0 = Debug|x64
		{5893F417-B1DD-41FE-A646-1C29DB49FA43}.Debug|x64.ActiveCfg = Debug|x64
		{5893F417-B1DD-41FE-A646-1C29DB49FA43}.Debug|x64.Build.0 = Debug|x64
		{5893F417-B1DD-41FE-A646-1C29DB49FA43}.Debug|x86.ActiveCfg = Debug|x64
		{5893F417-B1DD-41FE-A646-1C29DB49FA43}.Debug|x86.Build.0 = Debug|x64
		{5893F417-B1DD-41FE-A646-1C29DB49FA43}.Release|Any CPU.ActiveCfg = Release|x64
		{5893F417-B1DD-41FE-A646-1C29DB49FA43}.Release|Any CPU.Build.0 = Release|x64
		{5893F417-B1DD-41FE-A646-1C29DB49FA43}.Release|x64.ActiveCfg = Release|x64
		{5893F417-B1DD-41FE-A646-1C29DB49FA43}.Release|x64.Build.0 = Release|x64
		{5893F417-B1DD-41FE-A646-1C29DB49FA43}.Release|x86.ActiveCfg = Release|x64
		{5893F417-B1DD-41FE-A646-1C29DB49FA43}.Release|x86.Build.0 = Release|x64
		{7E126900-716A-464F-81AC-44CC0D42FE5B}.Debug|Any CPU.ActiveCfg = Debug|x64
		{7E126900-716A-464F-81AC-44CC0D42FE5B}.Debug|Any CPU.Build.0 = Debug|x64
		{7E126900-716A-464F-81AC-44CC0D42FE5B}.Debug|x64.ActiveCfg = Debug|x64
		{7E126900-716A-464F-81AC-44CC0D42FE5B}.Debug|x64.Build.0 = Debug|x64
		{7E126900-716A-464F-81AC-44CC0D42FE5B}.Debug|x86.ActiveCfg = Debug|x64
		{7E126900-716A-464F-81AC-44CC0D42FE5B}.Debug|x86.Build.0 = Debug|x64
		{7E126900-716A-464F-81AC-44CC0D42FE5B}.Release|Any CPU.ActiveCfg = Release|x64
		{7E126900-716A-464F-81AC-44CC0D42FE5B}.Release|Any CPU.Build.0 = Release|x64
		{7E126900-716A-464F-81AC-44CC0D42FE5B}.Release|x64.ActiveCfg = Release|x64
		{7E126900-716A-464F-81AC-44CC0D42FE5B}.Release|x64.Build.0 = Release|x64
		{7E126900-716A-464F-81AC-44CC0D42FE5B}.Release|x86.ActiveCfg = Release|x64
		{7E126900-716A-464F-81AC-44CC0D42FE5B}.Release|x86.Build.0 = Release|x64
		{7FE5DD01-0CA6-41D7-B68F-CFD2EC5ABA15}.Debug|Any CPU.ActiveCfg = Debug|x64
		{7FE5DD01-0CA6-41D7-B68F-CFD2EC5ABA15}.Debug|Any CPU.Build.0 = Debug|x64
		{7FE5DD01-0CA6-41D7-B68F-CFD2EC5ABA15}.Debug|x64.ActiveCfg = Debug|x64
		{7FE5DD01-0CA6-41D7-B68F-CFD2EC5ABA15}.Debug|x64.Build.0 = Debug|x64
		{7FE5DD01-0CA6-41D7-B68F-CFD2EC5ABA15}.Debug|x86.ActiveCfg = Debug|x64
		{7FE5DD01-0CA6-41D7-B68F-CFD2EC5ABA15}.Debug|x86.Build.0 = Debug|x64
		{7FE5DD01-0CA6-41D7-B68F-CFD2EC5ABA15}.Release|Any CPU.ActiveCfg = Release|x64
		{7FE5DD01-0CA6-41D7-B68F-CFD2EC5ABA15}.Release|Any CPU.Build.0 = Release|x64
		{7FE5DD01-0CA6-41D7-B68F-CFD2EC5ABA15}.Release|x64.ActiveCfg = Release|x64
		{7FE5DD01-0CA6-41D7-B68F-CFD2EC5ABA15}.Release|x64.Build.0 = Release|x64
		{7FE5DD01-0CA6-41D7-B68F-CFD2EC5ABA15}.Release|x86.ActiveCfg = Release|x64
		{7FE5DD01-0CA6-41D7-B68F-CFD2EC5ABA15}.Release|x86.Build.0 = Release|x64
		{E6AFF52A-B4F8-4AF4-BD4D-83D78456CF5D}.Debug|Any CPU.ActiveCfg = Debug|x64
		{E6AFF52A-B4F8-4AF4-BD4D-83D78456CF5D}.Debug|Any CPU.Build.0 = Debug|x64
		{E6AFF52A-B4F8-4AF4-BD4D-83D78456CF5D}.Debug|x64.ActiveCfg = Debug|x64
		{E6AFF52A-B4F8-4AF4-BD4D-83D78456CF5D}.Debug|x64.Build.0 = Debug|x64
		{E6AFF52A-B4F8-4AF4-BD4D-83D78456CF5D}.Debug|x86.ActiveCfg = Debug|x64
		{E6AFF52A-B4F8-4AF4-BD4D-83D78456CF5D}.Debug|x86.Build.0 = Debug|x64
		{E6AFF52A-B4F8-4AF4-BD4D-83D78456CF5D}.Release|Any CPU.ActiveCfg = Release|x64
		{E6AFF52A-B4F8-4AF4-BD4D-83D78456CF5D}.Release|Any CPU.Build.0 = Release|x64
		{E6AFF52A-B4F8-4AF4-BD4D-83D78456CF5D}.Release|x64.ActiveCfg = Release|x64
		{E6AFF52A-B4F8-4AF4-BD4D-83D78456CF5D}.Release|x64.Build.0 = Release|x64
		{E6AFF52A-B4F8-4AF4-BD4D-83D78456CF5D}.Release|x86.ActiveCfg = Release|x64
		{E6AFF52A-B4F8-4AF4-BD4D-83D78456CF5D}.Release|x86.Build.0 = Release|x64
		{302D3272-70A4-4DB2-87CE-3F5A5A167BF4}.Debug|Any CPU.ActiveCfg = Debug|x64
		{302D3272-70A4-4DB2-87CE-3F5A5A167BF4}.Debug|Any CPU.Build.0 = Debug|x64
		{302D3272-70A4-4DB2-87CE-3F5A5A167BF4}.Debug|x64.ActiveCfg = Debug|x64
		{302D3272-70A4-4DB2-87CE-3F5A5A167BF4}.Debug|x64.Build.0 = Debug|x64
		{302D3272-70A4-4DB2-87CE-3F5A5A167BF4}.Debug|x86.ActiveCfg = Debug|x64
		{302D3272-70A4-4DB2-87CE-3F5A5A167BF4}.Debug|x86.Build.0 = Debug|x64
		{302D3272-70A4-4DB2-87CE-3F5A5A167BF4}.Release|Any CPU.ActiveCfg = Release|x64
		{302D3272-70A4-4DB2-87CE-3F5A5A167BF4}.Release|Any CPU.Build.0 = Release|x64
		{302D3272-70A4-4DB2-87CE-3F5A5A167BF4}.Release|x64.ActiveCfg = Release|x64
		{302D3272-70A4-4DB2-87CE-3F5A5A167BF4}.Release|x64.Build.0 = Release|x64
		{302D3272-70A4-4DB2-87CE-3F5A5A167BF4}.Release|x86.ActiveCfg = Release|x64
		{302D3272-70A4-4DB2-87CE-3F5A5A167BF4}.Release|x86.Build.0 = Release|x64
		{6158B54A-209E-48BE-ADD3-AB80F952509A}.Debug|Any CPU.ActiveCfg = Debug|x64
		{6158B54A-209E-48BE-ADD3-AB80F952509A}.Debug|Any CPU.Build.0 = Debug|x64
		{6158B54A-209E-48BE-ADD3-AB80F952509A}.Debug|x64.ActiveCfg = Debug|x64
		{6158B54A-209E-48BE-ADD3-AB80F952509A}.Debug|x64.Build.0 = Debug|x64
		{6158B54A-209E-48BE-ADD3-AB80F952509A}.Debug|x86.ActiveCfg = Debug|x64
		{6158B54A-209E-48BE-ADD3-AB80F952509A}.Debug|x86.Build.0 = Debug|x64
		{6158B54A-209E-48BE-ADD3-AB80F952509A}.Release|Any CPU.ActiveCfg = Release|x64
		{6158B54A-209E-48BE-ADD3-AB80F952509A}.Release|Any CPU.Build.0 = Release|x64
		{6158B54A-209E-48BE-ADD3-AB80F952509A}.Release|x64.ActiveCfg = Release|x64
		{6158B54A-209E-48BE-ADD3-AB80F952509A}.Release|x64.Build.0 = Release|x64
		{6158B54A-209E-48BE-ADD3-AB80F952509A}.Release|x86.ActiveCfg = Release|x64
		{6158B54A-209E-48BE-ADD3-AB80F952509A}.Release|x86.Build.0 = Release|x64
		{D8A0D7C7-C06C-41E0-B787-4CDAB80A8772}.Debug|Any CPU.ActiveCfg = Debug|x64
		{D8A0D7C7-C06C-41E0-B787-4CDAB80A8772}.Debug|Any CPU.Build.0 = Debug|x64
		{D8A0D7C7-C06C-41E0-B787-4CDAB80A8772}.Debug|x64.ActiveCfg = Debug|x64
		{D8A0D7C7-C06C-41E0-B787-4CDAB80A8772}.Debug|x64.Build.0 = Debug|x64
		{D8A0D7C7-C06C-41E0-B787-4CDAB80A8772}.Debug|x86.ActiveCfg = Debug|x64
		{D8A0D7C7-C06C-41E0-B787-4CDAB80A8772}.Debug|x86.Build.0 = Debug|x64
		{D8A0D7C7-C06C-41E0-B787-4CDAB80A8772}.Release|Any CPU.ActiveCfg = Release|x64
		{D8A0D7C7-C06C-41E0-B787-4CDAB80A8772}.Release|Any CPU.Build.0 = Release|x64
		{D8A0D7C7-C06C-41E0-B787-4CDAB80A8772}.Release|x64.ActiveCfg = Release|x64
		{D8A0D7C7-C06C-41E0-B787-4CDAB80A8772}.Release|x64.Build.0 = Release|x64
		{D8A0D7C7-C06C-41E0-B787-4CDAB80A8772}.Release|x86.ActiveCfg = Release|x64
		{D8A0D7C7-C06C-41E0-B787-4CDAB80A8772}.Release|x86.Build.0 = Release|x64
		{47D89C42-9CFF-408F-BAB8-786F0C7C642F}.Debug|Any CPU.ActiveCfg = Debug|x64
		{47D89C42-9CFF-408F-BAB8-786F0C7C642F}.Debug|Any CPU.Build.0 = Debug|x64
		{47D89C42-9CFF-408F-BAB8-786F0C7C642F}.Debug|x64.ActiveCfg = Debug|x64
		{47D89C42-9CFF-408F-BAB8-786F0C7C642F}.Debug|x64.Build.0 = Debug|x64
		{47D89C42-9CFF-408F-BAB8-786F0C7C642F}.Debug|x86.ActiveCfg = Debug|x64
		{47D89C42-9CFF-408F-BAB8-786F0C7C642F}.Debug|x86.Build.0 = Debug|x64
		{47D89C42-9CFF-408F-BAB8-786F0C7C642F}.Release|Any CPU.ActiveCfg = Release|x64
		{47D89C42-9CFF-408F-BAB8-786F0C7C642F}.Release|Any CPU.Build.0 = Release|x64
		{47D89C42-9CFF-408F-BAB8-786F0C7C642F}.Release|x64.ActiveCfg = Release|x64
		{47D89C42-9CFF-408F-BAB8-786F0C7C642F}.Release|x64.Build.0 = Release|x64
		{47D89C42-9CFF-408F-BAB8-786F0C7C642F}.Release|x86.ActiveCfg = Release|x64
		{47D89C42-9CFF-408F-BAB8-786F0C7C642F}.Release|x86.Build.0 = Release|x64
	EndGlobalSection
	GlobalSection(SolutionProperties) = preSolution
		HideSolutionNode = FALSE
	EndGlobalSection
	GlobalSection(NestedProjects) = preSolution
		{E726DB83-3010-4651-AF64-1CF0A92474B8} = {827E0CD3-B72D-47B6-A68D-7590B98EB39B}
		{BADDDE78-05BF-4B7A-90D1-F64BD50F6639} = {827E0CD3-B72D-47B6-A68D-7590B98EB39B}
		{0F45EDF5-709B-4F67-B4B9-98146142B399} = {827E0CD3-B72D-47B6-A68D-7590B98EB39B}
		{A05FC525-C145-45B2-9E0D-D07C511B6248} = {827E0CD3-B72D-47B6-A68D-7590B98EB39B}
		{5893F417-B1DD-41FE-A646-1C29DB49FA43} = {827E0CD3-B72D-47B6-A68D-7590B98EB39B}
		{7E126900-716A-464F-81AC-44CC0D42FE5B} = {827E0CD3-B72D-47B6-A68D-7590B98EB39B}
		{7FE5DD01-0CA6-41D7-B68F-CFD2EC5ABA15} = {0AB3BF05-4346-4AA6-1389-037BE0695223}
		{E6AFF52A-B4F8-4AF4-BD4D-83D78456CF5D} = {0AB3BF05-4346-4AA6-1389-037BE0695223}
		{302D3272-70A4-4DB2-87CE-3F5A5A167BF4} = {0AB3BF05-4346-4AA6-1389-037BE0695223}
		{6158B54A-209E-48BE-ADD3-AB80F952509A} = {0AB3BF05-4346-4AA6-1389-037BE0695223}
		{D8A0D7C7-C06C-41E0-B787-4CDAB80A8772} = {0AB3BF05-4346-4AA6-1389-037BE0695223}
		{47D89C42-9CFF-408F-BAB8-786F0C7C642F} = {0AB3BF05-4346-4AA6-1389-037BE0695223}
	EndGlobalSection
EndGlobal
